
Microsoft Visual Studio Solution File, Format Version 12.00
# Visual Studio Version 17
VisualStudioVersion = 17.3.32929.385
MinimumVisualStudioVersion = 10.0.40219.1
Project("{FAE04EC0-301F-11D3-BF4B-00C04F79EFBC}") = "AskQuestion", "AskQuestion\AskQuestion.csproj", "{62A23012-2DFE-46A3-8C7C-55F8259392AA}"
EndProject
Global
	GlobalSection(SolutionConfigurationPlatforms) = preSolution
		Debug|Any CPU = Debug|Any CPU
		Release|Any CPU = Release|Any CPU
	EndGlobalSection
	GlobalSection(ProjectConfigurationPlatforms) = postSolution
		{62A23012-2DFE-46A3-8C7C-55F8259392AA}.Debug|Any CPU.ActiveCfg = Debug|Any CPU
		{62A23012-2DFE-46A3-8C7C-55F8259392AA}.Debug|Any CPU.Build.0 = Debug|Any CPU
		{62A23012-2DFE-46A3-8C7C-55F8259392AA}.Release|Any CPU.ActiveCfg = Release|Any CPU
		{62A23012-2DFE-46A3-8C7C-55F8259392AA}.Release|Any CPU.Build.0 = Release|Any CPU
	EndGlobalSection
	GlobalSection(SolutionProperties) = preSolution
		HideSolutionNode = FALSE
	EndGlobalSection
	GlobalSection(ExtensibilityGlobals) = postSolution
		SolutionGuid = {4F822C49-0ED8-44B8-927D-4873F06DDD76}
	EndGlobalSection
EndGlobal
